// !$*UTF8*$!
{
	archiveVersion = 1;
	classes = {
	};
	objectVersion = 50;
	objects = {

/* Begin PBXBuildFile section */
		3A3032722599DB6B00B20BB7 /* Country.m in Sources */ = {isa = PBXBuildFile; fileRef = 3A3032712599DB6B00B20BB7 /* Country.m */; };
		3A3032772599DBAB00B20BB7 /* City.m in Sources */ = {isa = PBXBuildFile; fileRef = 3A3032762599DBAB00B20BB7 /* City.m */; };
		3A3032792599DC8A00B20BB7 /* MainViewController.m in Sources */ = {isa = PBXBuildFile; fileRef = 3A30326D2599DB2E00B20BB7 /* MainViewController.m */; };
		3A30327F2599DCDD00B20BB7 /* Airport.m in Sources */ = {isa = PBXBuildFile; fileRef = 3A30327E2599DCDD00B20BB7 /* Airport.m */; };
		3A3032832599DDAD00B20BB7 /* DataManager.m in Sources */ = {isa = PBXBuildFile; fileRef = 3A3032822599DDAD00B20BB7 /* DataManager.m */; };
		3A4E83EE259B391000862ED7 /* PlaceViewController.m in Sources */ = {isa = PBXBuildFile; fileRef = 3A4E83ED259B391000862ED7 /* PlaceViewController.m */; };
		3A4E83F225A1A78400862ED7 /* APIManager.m in Sources */ = {isa = PBXBuildFile; fileRef = 3A4E83F125A1A78400862ED7 /* APIManager.m */; };
		3A4E83F725A1BB0900862ED7 /* Ticket.m in Sources */ = {isa = PBXBuildFile; fileRef = 3A4E83F625A1BB0900862ED7 /* Ticket.m */; };
		3A4E83FB25A1C98300862ED7 /* TicketTableViewCell.m in Sources */ = {isa = PBXBuildFile; fileRef = 3A4E83FA25A1C98300862ED7 /* TicketTableViewCell.m */; };
		3A4E840B25A1D1AA00862ED7 /* TicketsViewController.m in Sources */ = {isa = PBXBuildFile; fileRef = 3A4E840A25A1D1AA00862ED7 /* TicketsViewController.m */; };
		3A839D7D2599E91E0002D397 /* countries.json in Resources */ = {isa = PBXBuildFile; fileRef = 3A839D7A2599E91E0002D397 /* countries.json */; };
		3A839D7E2599E91E0002D397 /* cities.json in Resources */ = {isa = PBXBuildFile; fileRef = 3A839D7B2599E91E0002D397 /* cities.json */; };
		3A839D7F2599E91E0002D397 /* airports.json in Resources */ = {isa = PBXBuildFile; fileRef = 3A839D7C2599E91E0002D397 /* airports.json */; };
		3AD544F12599D2E7000F9F43 /* AppDelegate.m in Sources */ = {isa = PBXBuildFile; fileRef = 3AD544F02599D2E7000F9F43 /* AppDelegate.m */; };
		3AD544F42599D2E7000F9F43 /* SceneDelegate.m in Sources */ = {isa = PBXBuildFile; fileRef = 3AD544F32599D2E7000F9F43 /* SceneDelegate.m */; };
		3AD544FC2599D2EA000F9F43 /* Assets.xcassets in Resources */ = {isa = PBXBuildFile; fileRef = 3AD544FB2599D2EA000F9F43 /* Assets.xcassets */; };
		3AD544FF2599D2EA000F9F43 /* LaunchScreen.storyboard in Resources */ = {isa = PBXBuildFile; fileRef = 3AD544FD2599D2EA000F9F43 /* LaunchScreen.storyboard */; };
		3AD545022599D2EA000F9F43 /* main.m in Sources */ = {isa = PBXBuildFile; fileRef = 3AD545012599D2EA000F9F43 /* main.m */; };
/* End PBXBuildFile section */

/* Begin PBXFileReference section */
		3A30326D2599DB2E00B20BB7 /* MainViewController.m */ = {isa = PBXFileReference; lastKnownFileType = sourcecode.c.objc; path = MainViewController.m; sourceTree = "<group>"; };
		3A30326E2599DB2E00B20BB7 /* MainViewController.h */ = {isa = PBXFileReference; lastKnownFileType = sourcecode.c.h; path = MainViewController.h; sourceTree = "<group>"; };
		3A3032702599DB6B00B20BB7 /* Country.h */ = {isa = PBXFileReference; lastKnownFileType = sourcecode.c.h; path = Country.h; sourceTree = "<group>"; };
		3A3032712599DB6B00B20BB7 /* Country.m */ = {isa = PBXFileReference; lastKnownFileType = sourcecode.c.objc; path = Country.m; sourceTree = "<group>"; };
		3A3032752599DBAB00B20BB7 /* City.h */ = {isa = PBXFileReference; lastKnownFileType = sourcecode.c.h; path = City.h; sourceTree = "<group>"; };
		3A3032762599DBAB00B20BB7 /* City.m */ = {isa = PBXFileReference; lastKnownFileType = sourcecode.c.objc; path = City.m; sourceTree = "<group>"; };
		3A30327D2599DCDD00B20BB7 /* Airport.h */ = {isa = PBXFileReference; lastKnownFileType = sourcecode.c.h; path = Airport.h; sourceTree = "<group>"; };
		3A30327E2599DCDD00B20BB7 /* Airport.m */ = {isa = PBXFileReference; lastKnownFileType = sourcecode.c.objc; path = Airport.m; sourceTree = "<group>"; };
		3A3032812599DDAD00B20BB7 /* DataManager.h */ = {isa = PBXFileReference; lastKnownFileType = sourcecode.c.h; path = DataManager.h; sourceTree = "<group>"; };
		3A3032822599DDAD00B20BB7 /* DataManager.m */ = {isa = PBXFileReference; lastKnownFileType = sourcecode.c.objc; path = DataManager.m; sourceTree = "<group>"; };
		3A4E83EC259B391000862ED7 /* PlaceViewController.h */ = {isa = PBXFileReference; lastKnownFileType = sourcecode.c.h; path = PlaceViewController.h; sourceTree = "<group>"; };
		3A4E83ED259B391000862ED7 /* PlaceViewController.m */ = {isa = PBXFileReference; lastKnownFileType = sourcecode.c.objc; path = PlaceViewController.m; sourceTree = "<group>"; };
		3A4E83F025A1A78400862ED7 /* APIManager.h */ = {isa = PBXFileReference; lastKnownFileType = sourcecode.c.h; path = APIManager.h; sourceTree = "<group>"; };
		3A4E83F125A1A78400862ED7 /* APIManager.m */ = {isa = PBXFileReference; lastKnownFileType = sourcecode.c.objc; path = APIManager.m; sourceTree = "<group>"; };
		3A4E83F525A1BB0900862ED7 /* Ticket.h */ = {isa = PBXFileReference; lastKnownFileType = sourcecode.c.h; path = Ticket.h; sourceTree = "<group>"; };
		3A4E83F625A1BB0900862ED7 /* Ticket.m */ = {isa = PBXFileReference; lastKnownFileType = sourcecode.c.objc; path = Ticket.m; sourceTree = "<group>"; };
		3A4E83F925A1C98300862ED7 /* TicketTableViewCell.h */ = {isa = PBXFileReference; lastKnownFileType = sourcecode.c.h; path = TicketTableViewCell.h; sourceTree = "<group>"; };
		3A4E83FA25A1C98300862ED7 /* TicketTableViewCell.m */ = {isa = PBXFileReference; lastKnownFileType = sourcecode.c.objc; path = TicketTableViewCell.m; sourceTree = "<group>"; };
		3A4E840925A1D1AA00862ED7 /* TicketsViewController.h */ = {isa = PBXFileReference; lastKnownFileType = sourcecode.c.h; path = TicketsViewController.h; sourceTree = "<group>"; };
		3A4E840A25A1D1AA00862ED7 /* TicketsViewController.m */ = {isa = PBXFileReference; lastKnownFileType = sourcecode.c.objc; path = TicketsViewController.m; sourceTree = "<group>"; };
		3A839D7A2599E91E0002D397 /* countries.json */ = {isa = PBXFileReference; fileEncoding = 4; lastKnownFileType = text.json; path = countries.json; sourceTree = "<group>"; };
		3A839D7B2599E91E0002D397 /* cities.json */ = {isa = PBXFileReference; fileEncoding = 4; lastKnownFileType = text.json; path = cities.json; sourceTree = "<group>"; };
		3A839D7C2599E91E0002D397 /* airports.json */ = {isa = PBXFileReference; fileEncoding = 4; lastKnownFileType = text.json; path = airports.json; sourceTree = "<group>"; };
		3AD544EC2599D2E7000F9F43 /* Tickets.app */ = {isa = PBXFileReference; explicitFileType = wrapper.application; includeInIndex = 0; path = Tickets.app; sourceTree = BUILT_PRODUCTS_DIR; };
		3AD544EF2599D2E7000F9F43 /* AppDelegate.h */ = {isa = PBXFileReference; lastKnownFileType = sourcecode.c.h; path = AppDelegate.h; sourceTree = "<group>"; };
		3AD544F02599D2E7000F9F43 /* AppDelegate.m */ = {isa = PBXFileReference; lastKnownFileType = sourcecode.c.objc; path = AppDelegate.m; sourceTree = "<group>"; };
		3AD544F22599D2E7000F9F43 /* SceneDelegate.h */ = {isa = PBXFileReference; lastKnownFileType = sourcecode.c.h; path = SceneDelegate.h; sourceTree = "<group>"; };
		3AD544F32599D2E7000F9F43 /* SceneDelegate.m */ = {isa = PBXFileReference; lastKnownFileType = sourcecode.c.objc; path = SceneDelegate.m; sourceTree = "<group>"; };
		3AD544FB2599D2EA000F9F43 /* Assets.xcassets */ = {isa = PBXFileReference; lastKnownFileType = folder.assetcatalog; path = Assets.xcassets; sourceTree = "<group>"; };
		3AD544FE2599D2EA000F9F43 /* Base */ = {isa = PBXFileReference; lastKnownFileType = file.storyboard; name = Base; path = Base.lproj/LaunchScreen.storyboard; sourceTree = "<group>"; };
		3AD545002599D2EA000F9F43 /* Info.plist */ = {isa = PBXFileReference; lastKnownFileType = text.plist.xml; path = Info.plist; sourceTree = "<group>"; };
		3AD545012599D2EA000F9F43 /* main.m */ = {isa = PBXFileReference; lastKnownFileType = sourcecode.c.objc; path = main.m; sourceTree = "<group>"; };
/* End PBXFileReference section */

/* Begin PBXFrameworksBuildPhase section */
		3AD544E92599D2E7000F9F43 /* Frameworks */ = {
			isa = PBXFrameworksBuildPhase;
			buildActionMask = 2147483647;
			files = (
			);
			runOnlyForDeploymentPostprocessing = 0;
		};
/* End PBXFrameworksBuildPhase section */

/* Begin PBXGroup section */
		3AD544E32599D2E7000F9F43 = {
			isa = PBXGroup;
			children = (
				3AD544EE2599D2E7000F9F43 /* Tickets */,
				3AD544ED2599D2E7000F9F43 /* Products */,
			);
			sourceTree = "<group>";
		};
		3AD544ED2599D2E7000F9F43 /* Products */ = {
			isa = PBXGroup;
			children = (
				3AD544EC2599D2E7000F9F43 /* Tickets.app */,
			);
			name = Products;
			sourceTree = "<group>";
		};
		3AD544EE2599D2E7000F9F43 /* Tickets */ = {
			isa = PBXGroup;
			children = (
				3A839D7C2599E91E0002D397 /* airports.json */,
				3A839D7B2599E91E0002D397 /* cities.json */,
				3A839D7A2599E91E0002D397 /* countries.json */,
				3AD544EF2599D2E7000F9F43 /* AppDelegate.h */,
				3AD544F02599D2E7000F9F43 /* AppDelegate.m */,
				3AD544F22599D2E7000F9F43 /* SceneDelegate.h */,
				3AD544F32599D2E7000F9F43 /* SceneDelegate.m */,
				3A30326E2599DB2E00B20BB7 /* MainViewController.h */,
				3A30326D2599DB2E00B20BB7 /* MainViewController.m */,
				3A4E83EC259B391000862ED7 /* PlaceViewController.h */,
				3A4E83ED259B391000862ED7 /* PlaceViewController.m */,
				3A3032702599DB6B00B20BB7 /* Country.h */,
				3A3032712599DB6B00B20BB7 /* Country.m */,
				3A3032752599DBAB00B20BB7 /* City.h */,
				3A3032762599DBAB00B20BB7 /* City.m */,
				3AD544FB2599D2EA000F9F43 /* Assets.xcassets */,
				3AD544FD2599D2EA000F9F43 /* LaunchScreen.storyboard */,
				3AD545002599D2EA000F9F43 /* Info.plist */,
				3AD545012599D2EA000F9F43 /* main.m */,
				3A30327D2599DCDD00B20BB7 /* Airport.h */,
				3A30327E2599DCDD00B20BB7 /* Airport.m */,
				3A3032812599DDAD00B20BB7 /* DataManager.h */,
				3A3032822599DDAD00B20BB7 /* DataManager.m */,
				3A4E83F025A1A78400862ED7 /* APIManager.h */,
				3A4E83F125A1A78400862ED7 /* APIManager.m */,
				3A4E83F525A1BB0900862ED7 /* Ticket.h */,
				3A4E83F625A1BB0900862ED7 /* Ticket.m */,
				3A4E83F925A1C98300862ED7 /* TicketTableViewCell.h */,
				3A4E83FA25A1C98300862ED7 /* TicketTableViewCell.m */,
				3A4E840925A1D1AA00862ED7 /* TicketsViewController.h */,
				3A4E840A25A1D1AA00862ED7 /* TicketsViewController.m */,
			);
			path = Tickets;
			sourceTree = "<group>";
		};
/* End PBXGroup section */

/* Begin PBXNativeTarget section */
		3AD544EB2599D2E7000F9F43 /* Tickets */ = {
			isa = PBXNativeTarget;
			buildConfigurationList = 3AD545052599D2EA000F9F43 /* Build configuration list for PBXNativeTarget "Tickets" */;
			buildPhases = (
				3AD544E82599D2E7000F9F43 /* Sources */,
				3AD544E92599D2E7000F9F43 /* Frameworks */,
				3AD544EA2599D2E7000F9F43 /* Resources */,
			);
			buildRules = (
			);
			dependencies = (
			);
			name = Tickets;
			productName = Tickets;
			productReference = 3AD544EC2599D2E7000F9F43 /* Tickets.app */;
			productType = "com.apple.product-type.application";
		};
/* End PBXNativeTarget section */

/* Begin PBXProject section */
		3AD544E42599D2E7000F9F43 /* Project object */ = {
			isa = PBXProject;
			attributes = {
				LastUpgradeCheck = 1230;
				TargetAttributes = {
					3AD544EB2599D2E7000F9F43 = {
						CreatedOnToolsVersion = 12.3;
					};
				};
			};
			buildConfigurationList = 3AD544E72599D2E7000F9F43 /* Build configuration list for PBXProject "Tickets" */;
			compatibilityVersion = "Xcode 9.3";
			developmentRegion = en;
			hasScannedForEncodings = 0;
			knownRegions = (
				en,
				Base,
			);
			mainGroup = 3AD544E32599D2E7000F9F43;
			productRefGroup = 3AD544ED2599D2E7000F9F43 /* Products */;
			projectDirPath = "";
			projectRoot = "";
			targets = (
				3AD544EB2599D2E7000F9F43 /* Tickets */,
			);
		};
/* End PBXProject section */

/* Begin PBXResourcesBuildPhase section */
		3AD544EA2599D2E7000F9F43 /* Resources */ = {
			isa = PBXResourcesBuildPhase;
			buildActionMask = 2147483647;
			files = (
				3A839D7E2599E91E0002D397 /* cities.json in Resources */,
				3A839D7D2599E91E0002D397 /* countries.json in Resources */,
				3AD544FF2599D2EA000F9F43 /* LaunchScreen.storyboard in Resources */,
				3AD544FC2599D2EA000F9F43 /* Assets.xcassets in Resources */,
				3A839D7F2599E91E0002D397 /* airports.json in Resources */,
			);
			runOnlyForDeploymentPostprocessing = 0;
		};
/* End PBXResourcesBuildPhase section */

/* Begin PBXSourcesBuildPhase section */
		3AD544E82599D2E7000F9F43 /* Sources */ = {
			isa = PBXSourcesBuildPhase;
			buildActionMask = 2147483647;
			files = (
				3A4E83EE259B391000862ED7 /* PlaceViewController.m in Sources */,
				3A4E840B25A1D1AA00862ED7 /* TicketsViewController.m in Sources */,
				3AD544F12599D2E7000F9F43 /* AppDelegate.m in Sources */,
				3A3032772599DBAB00B20BB7 /* City.m in Sources */,
				3A4E83FB25A1C98300862ED7 /* TicketTableViewCell.m in Sources */,
				3AD545022599D2EA000F9F43 /* main.m in Sources */,
				3A4E83F225A1A78400862ED7 /* APIManager.m in Sources */,
				3A3032792599DC8A00B20BB7 /* MainViewController.m in Sources */,
				3A30327F2599DCDD00B20BB7 /* Airport.m in Sources */,
				3AD544F42599D2E7000F9F43 /* SceneDelegate.m in Sources */,
				3A4E83F725A1BB0900862ED7 /* Ticket.m in Sources */,
				3A3032832599DDAD00B20BB7 /* DataManager.m in Sources */,
				3A3032722599DB6B00B20BB7 /* Country.m in Sources */,
			);
			runOnlyForDeploymentPostprocessing = 0;
		};
/* End PBXSourcesBuildPhase section */

/* Begin PBXVariantGroup section */
		3AD544FD2599D2EA000F9F43 /* LaunchScreen.storyboard */ = {
			isa = PBXVariantGroup;
			children = (
				3AD544FE2599D2EA000F9F43 /* Base */,
			);
			name = LaunchScreen.storyboard;
			sourceTree = "<group>";
		};
/* End PBXVariantGroup section */

/* Begin XCBuildConfiguration section */
		3AD545032599D2EA000F9F43 /* Debug */ = {
			isa = XCBuildConfiguration;
			buildSettings = {
				ALWAYS_SEARCH_USER_PATHS = NO;
				CLANG_ANALYZER_NONNULL = YES;
				CLANG_ANALYZER_NUMBER_OBJECT_CONVERSION = YES_AGGRESSIVE;
				CLANG_CXX_LANGUAGE_STANDARD = "gnu++14";
				CLANG_CXX_LIBRARY = "libc++";
				CLANG_ENABLE_MODULES = YES;
				CLANG_ENABLE_OBJC_ARC = YES;
				CLANG_ENABLE_OBJC_WEAK = YES;
				CLANG_WARN_BLOCK_CAPTURE_AUTORELEASING = YES;
				CLANG_WARN_BOOL_CONVERSION = YES;
				CLANG_WARN_COMMA = YES;
				CLANG_WARN_CONSTANT_CONVERSION = YES;
				CLANG_WARN_DEPRECATED_OBJC_IMPLEMENTATIONS = YES;
				CLANG_WARN_DIRECT_OBJC_ISA_USAGE = YES_ERROR;
				CLANG_WARN_DOCUMENTATION_COMMENTS = YES;
				CLANG_WARN_EMPTY_BODY = YES;
				CLANG_WARN_ENUM_CONVERSION = YES;
				CLANG_WARN_INFINITE_RECURSION = YES;
				CLANG_WARN_INT_CONVERSION = YES;
				CLANG_WARN_NON_LITERAL_NULL_CONVERSION = YES;
				CLANG_WARN_OBJC_IMPLICIT_RETAIN_SELF = YES;
				CLANG_WARN_OBJC_LITERAL_CONVERSION = YES;
				CLANG_WARN_OBJC_ROOT_CLASS = YES_ERROR;
				CLANG_WARN_QUOTED_INCLUDE_IN_FRAMEWORK_HEADER = YES;
				CLANG_WARN_RANGE_LOOP_ANALYSIS = YES;
				CLANG_WARN_STRICT_PROTOTYPES = YES;
				CLANG_WARN_SUSPICIOUS_MOVE = YES;
				CLANG_WARN_UNGUARDED_AVAILABILITY = YES_AGGRESSIVE;
				CLANG_WARN_UNREACHABLE_CODE = YES;
				CLANG_WARN__DUPLICATE_METHOD_MATCH = YES;
				COPY_PHASE_STRIP = NO;
				DEBUG_INFORMATION_FORMAT = dwarf;
				ENABLE_STRICT_OBJC_MSGSEND = YES;
				ENABLE_TESTABILITY = YES;
				GCC_C_LANGUAGE_STANDARD = gnu11;
				GCC_DYNAMIC_NO_PIC = NO;
				GCC_NO_COMMON_BLOCKS = YES;
				GCC_OPTIMIZATION_LEVEL = 0;
				GCC_PREPROCESSOR_DEFINITIONS = (
					"DEBUG=1",
					"$(inherited)",
				);
				GCC_WARN_64_TO_32_BIT_CONVERSION = YES;
				GCC_WARN_ABOUT_RETURN_TYPE = YES_ERROR;
				GCC_WARN_UNDECLARED_SELECTOR = YES;
				GCC_WARN_UNINITIALIZED_AUTOS = YES_AGGRESSIVE;
				GCC_WARN_UNUSED_FUNCTION = YES;
				GCC_WARN_UNUSED_VARIABLE = YES;
				IPHONEOS_DEPLOYMENT_TARGET = 14.3;
				MTL_ENABLE_DEBUG_INFO = INCLUDE_SOURCE;
				MTL_FAST_MATH = YES;
				ONLY_ACTIVE_ARCH = YES;
				SDKROOT = iphoneos;
			};
			name = Debug;
		};
		3AD545042599D2EA000F9F43 /* Release */ = {
			isa = XCBuildConfiguration;
			buildSettings = {
				ALWAYS_SEARCH_USER_PATHS = NO;
				CLANG_ANALYZER_NONNULL = YES;
				CLANG_ANALYZER_NUMBER_OBJECT_CONVERSION = YES_AGGRESSIVE;
				CLANG_CXX_LANGUAGE_STANDARD = "gnu++14";
				CLANG_CXX_LIBRARY = "libc++";
				CLANG_ENABLE_MODULES = YES;
				CLANG_ENABLE_OBJC_ARC = YES;
				CLANG_ENABLE_OBJC_WEAK = YES;
				CLANG_WARN_BLOCK_CAPTURE_AUTORELEASING = YES;
				CLANG_WARN_BOOL_CONVERSION = YES;
				CLANG_WARN_COMMA = YES;
				CLANG_WARN_CONSTANT_CONVERSION = YES;
				CLANG_WARN_DEPRECATED_OBJC_IMPLEMENTATIONS = YES;
				CLANG_WARN_DIRECT_OBJC_ISA_USAGE = YES_ERROR;
				CLANG_WARN_DOCUMENTATION_COMMENTS = YES;
				CLANG_WARN_EMPTY_BODY = YES;
				CLANG_WARN_ENUM_CONVERSION = YES;
				CLANG_WARN_INFINITE_RECURSION = YES;
				CLANG_WARN_INT_CONVERSION = YES;
				CLANG_WARN_NON_LITERAL_NULL_CONVERSION = YES;
				CLANG_WARN_OBJC_IMPLICIT_RETAIN_SELF = YES;
				CLANG_WARN_OBJC_LITERAL_CONVERSION = YES;
				CLANG_WARN_OBJC_ROOT_CLASS = YES_ERROR;
				CLANG_WARN_QUOTED_INCLUDE_IN_FRAMEWORK_HEADER = YES;
				CLANG_WARN_RANGE_LOOP_ANALYSIS = YES;
				CLANG_WARN_STRICT_PROTOTYPES = YES;
				CLANG_WARN_SUSPICIOUS_MOVE = YES;
				CLANG_WARN_UNGUARDED_AVAILABILITY = YES_AGGRESSIVE;
				CLANG_WARN_UNREACHABLE_CODE = YES;
				CLANG_WARN__DUPLICATE_METHOD_MATCH = YES;
				COPY_PHASE_STRIP = NO;
				DEBUG_INFORMATION_FORMAT = "dwarf-with-dsym";
				ENABLE_NS_ASSERTIONS = NO;
				ENABLE_STRICT_OBJC_MSGSEND = YES;
				GCC_C_LANGUAGE_STANDARD = gnu11;
				GCC_NO_COMMON_BLOCKS = YES;
				GCC_WARN_64_TO_32_BIT_CONVERSION = YES;
				GCC_WARN_ABOUT_RETURN_TYPE = YES_ERROR;
				GCC_WARN_UNDECLARED_SELECTOR = YES;
				GCC_WARN_UNINITIALIZED_AUTOS = YES_AGGRESSIVE;
				GCC_WARN_UNUSED_FUNCTION = YES;
				GCC_WARN_UNUSED_VARIABLE = YES;
				IPHONEOS_DEPLOYMENT_TARGET = 14.3;
				MTL_ENABLE_DEBUG_INFO = NO;
				MTL_FAST_MATH = YES;
				SDKROOT = iphoneos;
				VALIDATE_PRODUCT = YES;
			};
			name = Release;
		};
		3AD545062599D2EA000F9F43 /* Debug */ = {
			isa = XCBuildConfiguration;
			buildSettings = {
				ASSETCATALOG_COMPILER_APPICON_NAME = AppIcon;
				ASSETCATALOG_COMPILER_GLOBAL_ACCENT_COLOR_NAME = AccentColor;
				CODE_SIGN_STYLE = Automatic;
				DEVELOPMENT_TEAM = 6L8Y48RX9J;
				INFOPLIST_FILE = Tickets/Info.plist;
				LD_RUNPATH_SEARCH_PATHS = (
					"$(inherited)",
					"@executable_path/Frameworks",
				);
				PRODUCT_BUNDLE_IDENTIFIER = Personal.Tickets;
				PRODUCT_NAME = "$(TARGET_NAME)";
				TARGETED_DEVICE_FAMILY = "1,2";
			};
			name = Debug;
		};
		3AD545072599D2EA000F9F43 /* Release */ = {
			isa = XCBuildConfiguration;
			buildSettings = {
				ASSETCATALOG_COMPILER_APPICON_NAME = AppIcon;
				ASSETCATALOG_COMPILER_GLOBAL_ACCENT_COLOR_NAME = AccentColor;
				CODE_SIGN_STYLE = Automatic;
				DEVELOPMENT_TEAM = 6L8Y48RX9J;
				INFOPLIST_FILE = Tickets/Info.plist;
				LD_RUNPATH_SEARCH_PATHS = (
					"$(inherited)",
					"@executable_path/Frameworks",
				);
				PRODUCT_BUNDLE_IDENTIFIER = Personal.Tickets;
				PRODUCT_NAME = "$(TARGET_NAME)";
				TARGETED_DEVICE_FAMILY = "1,2";
			};
			name = Release;
		};
/* End XCBuildConfiguration section */

/* Begin XCConfigurationList section */
		3AD544E72599D2E7000F9F43 /* Build configuration list for PBXProject "Tickets" */ = {
			isa = XCConfigurationList;
			buildConfigurations = (
				3AD545032599D2EA000F9F43 /* Debug */,
				3AD545042599D2EA000F9F43 /* Release */,
			);
			defaultConfigurationIsVisible = 0;
			defaultConfigurationName = Release;
		};
		3AD545052599D2EA000F9F43 /* Build configuration list for PBXNativeTarget "Tickets" */ = {
			isa = XCConfigurationList;
			buildConfigurations = (
				3AD545062599D2EA000F9F43 /* Debug */,
				3AD545072599D2EA000F9F43 /* Release */,
			);
			defaultConfigurationIsVisible = 0;
			defaultConfigurationName = Release;
		};
/* End XCConfigurationList section */
	};
	rootObject = 3AD544E42599D2E7000F9F43 /* Project object */;
}
